
Microsoft Visual Studio Solution File, Format Version 12.00
# Visual Studio Version 16
VisualStudioVersion = 16.0.31205.134
MinimumVisualStudioVersion = 10.0.40219.1
Project("{9A19103F-16F7-4668-BE54-9A1E7A4F7556}") = "WebTradeApi", "WebTradeApi.csproj", "{563F568D-9672-41D6-9B62-05C9B94721EC}"
EndProject
Project("{FAE04EC0-301F-11D3-BF4B-00C04F79EFBC}") = "WebTradeApiTests", "..\WebTradeApiTests\WebTradeApiTests.csproj", "{0BCBEB55-91D3-49B0-9479-CD8A3F31196A}"
EndProject
Global
	GlobalSection(SolutionConfigurationPlatforms) = preSolution
		Debug|Any CPU = Debug|Any CPU
		Release|Any CPU = Release|Any CPU
	EndGlobalSection
	GlobalSection(ProjectConfigurationPlatforms) = postSolution
		{563F568D-9672-41D6-9B62-05C9B94721EC}.Debug|Any CPU.ActiveCfg = Debug|Any CPU
		{563F568D-9672-41D6-9B62-05C9B94721EC}.Debug|Any CPU.Build.0 = Debug|Any CPU
		{563F568D-9672-41D6-9B62-05C9B94721EC}.Release|Any CPU.ActiveCfg = Release|Any CPU
		{563F568D-9672-41D6-9B62-05C9B94721EC}.Release|Any CPU.Build.0 = Release|Any CPU
		{0BCBEB55-91D3-49B0-9479-CD8A3F31196A}.Debug|Any CPU.ActiveCfg = Debug|Any CPU
		{0BCBEB55-91D3-49B0-9479-CD8A3F31196A}.Debug|Any CPU.Build.0 = Debug|Any CPU
		{0BCBEB55-91D3-49B0-9479-CD8A3F31196A}.Release|Any CPU.ActiveCfg = Release|Any CPU
		{0BCBEB55-91D3-49B0-9479-CD8A3F31196A}.Release|Any CPU.Build.0 = Release|Any CPU
	EndGlobalSection
	GlobalSection(SolutionProperties) = preSolution
		HideSolutionNode = FALSE
	EndGlobalSection
	GlobalSection(ExtensibilityGlobals) = postSolution
		SolutionGuid = {6E1E618E-CFBB-4BE9-A046-179FD47EDC4B}
	EndGlobalSection
EndGlobal
